PODS:
  - Alamofire (5.2.1)
  - Kanna (5.2.2)

DEPENDENCIES:
  - Alamofire
  - Kanna

SPEC REPOS:
  trunk:
    - Alamofire
    - Kanna

SPEC CHECKSUMS:
  Alamofire: e911732990610fe89af59ac0077f923d72dc3dfd
  Kanna: 2c4eddaaa4bfb9a1ed19e53c0b3d42ef02838046

PODFILE CHECKSUM: 38cb7be6907833c56b650ff221647d18fa728706

COCOAPODS: 1.9.3
